// !$*UTF8*$!
{
	archiveVersion = 1;
	classes = {
	};
	objectVersion = 46;
	objects = {

/* Begin PBXBuildFile section */
		C1685FB01CA5D75600DFA060 /* AppDelegate.swift in Sources */ = {isa = PBXBuildFile; fileRef = C1685FAF1CA5D75600DFA060 /* AppDelegate.swift */; };
		C1685FB21CA5D75600DFA060 /* ListController.swift in Sources */ = {isa = PBXBuildFile; fileRef = C1685FB11CA5D75600DFA060 /* ListController.swift */; };
		C1685FB51CA5D75600DFA060 /* Main.storyboard in Resources */ = {isa = PBXBuildFile; fileRef = C1685FB31CA5D75600DFA060 /* Main.storyboard */; };
		C1685FB71CA5D75600DFA060 /* Assets.xcassets in Resources */ = {isa = PBXBuildFile; fileRef = C1685FB61CA5D75600DFA060 /* Assets.xcassets */; };
		C1685FBA1CA5D75600DFA060 /* LaunchScreen.storyboard in Resources */ = {isa = PBXBuildFile; fileRef = C1685FB81CA5D75600DFA060 /* LaunchScreen.storyboard */; };
		C1685FC21CA5DC0B00DFA060 /* ListItemTableViewCell.swift in Sources */ = {isa = PBXBuildFile; fileRef = C1685FC11CA5DC0B00DFA060 /* ListItemTableViewCell.swift */; };
		C1685FC41CA5DC9C00DFA060 /* ListItem.swift in Sources */ = {isa = PBXBuildFile; fileRef = C1685FC31CA5DC9C00DFA060 /* ListItem.swift */; };
		C1685FC61CA5DCA600DFA060 /* ListItemStore.swift in Sources */ = {isa = PBXBuildFile; fileRef = C1685FC51CA5DCA600DFA060 /* ListItemStore.swift */; };
		C1FF6E201CAD8A6F009DE813 /* List.swift in Sources */ = {isa = PBXBuildFile; fileRef = C1FF6E1F1CAD8A6F009DE813 /* List.swift */; };
		C1FF6E221CAD8E65009DE813 /* ListStore.swift in Sources */ = {isa = PBXBuildFile; fileRef = C1FF6E211CAD8E65009DE813 /* ListStore.swift */; };
		C1FF6E241CADC411009DE813 /* AllListsController.swift in Sources */ = {isa = PBXBuildFile; fileRef = C1FF6E231CADC411009DE813 /* AllListsController.swift */; };
		C1FF6E261CADC785009DE813 /* ListTableViewCell.swift in Sources */ = {isa = PBXBuildFile; fileRef = C1FF6E251CADC785009DE813 /* ListTableViewCell.swift */; };
/* End PBXBuildFile section */

/* Begin PBXFileReference section */
		C1685FAC1CA5D75600DFA060 /* ListForEverything.app */ = {isa = PBXFileReference; explicitFileType = wrapper.application; includeInIndex = 0; path = ListForEverything.app; sourceTree = BUILT_PRODUCTS_DIR; };
		C1685FAF1CA5D75600DFA060 /* AppDelegate.swift */ = {isa = PBXFileReference; lastKnownFileType = sourcecode.swift; path = AppDelegate.swift; sourceTree = "<group>"; };
		C1685FB11CA5D75600DFA060 /* ListController.swift */ = {isa = PBXFileReference; lastKnownFileType = sourcecode.swift; path = ListController.swift; sourceTree = "<group>"; };
		C1685FB41CA5D75600DFA060 /* Base */ = {isa = PBXFileReference; lastKnownFileType = file.storyboard; name = Base; path = Base.lproj/Main.storyboard; sourceTree = "<group>"; };
		C1685FB61CA5D75600DFA060 /* Assets.xcassets */ = {isa = PBXFileReference; lastKnownFileType = folder.assetcatalog; path = Assets.xcassets; sourceTree = "<group>"; };
		C1685FB91CA5D75600DFA060 /* Base */ = {isa = PBXFileReference; lastKnownFileType = file.storyboard; name = Base; path = Base.lproj/LaunchScreen.storyboard; sourceTree = "<group>"; };
		C1685FBB1CA5D75600DFA060 /* Info.plist */ = {isa = PBXFileReference; lastKnownFileType = text.plist.xml; path = Info.plist; sourceTree = "<group>"; };
		C1685FC11CA5DC0B00DFA060 /* ListItemTableViewCell.swift */ = {isa = PBXFileReference; fileEncoding = 4; lastKnownFileType = sourcecode.swift; path = ListItemTableViewCell.swift; sourceTree = "<group>"; };
		C1685FC31CA5DC9C00DFA060 /* ListItem.swift */ = {isa = PBXFileReference; fileEncoding = 4; lastKnownFileType = sourcecode.swift; path = ListItem.swift; sourceTree = "<group>"; };
		C1685FC51CA5DCA600DFA060 /* ListItemStore.swift */ = {isa = PBXFileReference; fileEncoding = 4; lastKnownFileType = sourcecode.swift; path = ListItemStore.swift; sourceTree = "<group>"; };
		C1FF6E1F1CAD8A6F009DE813 /* List.swift */ = {isa = PBXFileReference; fileEncoding = 4; lastKnownFileType = sourcecode.swift; path = List.swift; sourceTree = "<group>"; };
		C1FF6E211CAD8E65009DE813 /* ListStore.swift */ = {isa = PBXFileReference; fileEncoding = 4; lastKnownFileType = sourcecode.swift; path = ListStore.swift; sourceTree = "<group>"; };
		C1FF6E231CADC411009DE813 /* AllListsController.swift */ = {isa = PBXFileReference; fileEncoding = 4; lastKnownFileType = sourcecode.swift; path = AllListsController.swift; sourceTree = "<group>"; };
		C1FF6E251CADC785009DE813 /* ListTableViewCell.swift */ = {isa = PBXFileReference; fileEncoding = 4; lastKnownFileType = sourcecode.swift; path = ListTableViewCell.swift; sourceTree = "<group>"; };
/* End PBXFileReference section */

/* Begin PBXFrameworksBuildPhase section */
		C1685FA91CA5D75600DFA060 /* Frameworks */ = {
			isa = PBXFrameworksBuildPhase;
			buildActionMask = 2147483647;
			files = (
			);
			runOnlyForDeploymentPostprocessing = 0;
		};
/* End PBXFrameworksBuildPhase section */

/* Begin PBXGroup section */
		C1685FA31CA5D75600DFA060 = {
			isa = PBXGroup;
			children = (
				C1685FAE1CA5D75600DFA060 /* ListForEverything */,
				C1685FAD1CA5D75600DFA060 /* Products */,
			);
			sourceTree = "<group>";
		};
		C1685FAD1CA5D75600DFA060 /* Products */ = {
			isa = PBXGroup;
			children = (
				C1685FAC1CA5D75600DFA060 /* ListForEverything.app */,
			);
			name = Products;
			sourceTree = "<group>";
		};
		C1685FAE1CA5D75600DFA060 /* ListForEverything */ = {
			isa = PBXGroup;
			children = (
				C1685FAF1CA5D75600DFA060 /* AppDelegate.swift */,
				C1685FB11CA5D75600DFA060 /* ListController.swift */,
				C1FF6E231CADC411009DE813 /* AllListsController.swift */,
				C1685FC11CA5DC0B00DFA060 /* ListItemTableViewCell.swift */,
				C1FF6E251CADC785009DE813 /* ListTableViewCell.swift */,
				C1685FC31CA5DC9C00DFA060 /* ListItem.swift */,
				C1FF6E1F1CAD8A6F009DE813 /* List.swift */,
				C1685FC51CA5DCA600DFA060 /* ListItemStore.swift */,
				C1FF6E211CAD8E65009DE813 /* ListStore.swift */,
				C1685FB31CA5D75600DFA060 /* Main.storyboard */,
				C1685FB61CA5D75600DFA060 /* Assets.xcassets */,
				C1685FB81CA5D75600DFA060 /* LaunchScreen.storyboard */,
				C1685FBB1CA5D75600DFA060 /* Info.plist */,
			);
			path = ListForEverything;
			sourceTree = "<group>";
		};
/* End PBXGroup section */

/* Begin PBXNativeTarget section */
		C1685FAB1CA5D75600DFA060 /* ListForEverything */ = {
			isa = PBXNativeTarget;
			buildConfigurationList = C1685FBE1CA5D75600DFA060 /* Build configuration list for PBXNativeTarget "ListForEverything" */;
			buildPhases = (
				C1685FA81CA5D75600DFA060 /* Sources */,
				C1685FA91CA5D75600DFA060 /* Frameworks */,
				C1685FAA1CA5D75600DFA060 /* Resources */,
			);
			buildRules = (
			);
			dependencies = (
			);
			name = ListForEverything;
			productName = ListForEverything;
			productReference = C1685FAC1CA5D75600DFA060 /* ListForEverything.app */;
			productType = "com.apple.product-type.application";
		};
/* End PBXNativeTarget section */

/* Begin PBXProject section */
		C1685FA41CA5D75600DFA060 /* Project object */ = {
			isa = PBXProject;
			attributes = {
				LastSwiftUpdateCheck = 0730;
				LastUpgradeCheck = 0730;
				ORGANIZATIONNAME = MadelineCarson;
				TargetAttributes = {
					C1685FAB1CA5D75600DFA060 = {
						CreatedOnToolsVersion = 7.3;
						DevelopmentTeam = B23E9G5LT7;
					};
				};
			};
			buildConfigurationList = C1685FA71CA5D75600DFA060 /* Build configuration list for PBXProject "ListForEverything" */;
			compatibilityVersion = "Xcode 3.2";
			developmentRegion = English;
			hasScannedForEncodings = 0;
			knownRegions = (
				en,
				Base,
			);
			mainGroup = C1685FA31CA5D75600DFA060;
			productRefGroup = C1685FAD1CA5D75600DFA060 /* Products */;
			projectDirPath = "";
			projectRoot = "";
			targets = (
				C1685FAB1CA5D75600DFA060 /* ListForEverything */,
			);
		};
/* End PBXProject section */

/* Begin PBXResourcesBuildPhase section */
		C1685FAA1CA5D75600DFA060 /* Resources */ = {
			isa = PBXResourcesBuildPhase;
			buildActionMask = 2147483647;
			files = (
				C1685FBA1CA5D75600DFA060 /* LaunchScreen.storyboard in Resources */,
				C1685FB71CA5D75600DFA060 /* Assets.xcassets in Resources */,
				C1685FB51CA5D75600DFA060 /* Main.storyboard in Resources */,
			);
			runOnlyForDeploymentPostprocessing = 0;
		};
/* End PBXResourcesBuildPhase section */

/* Begin PBXSourcesBuildPhase section */
		C1685FA81CA5D75600DFA060 /* Sources */ = {
			isa = PBXSourcesBuildPhase;
			buildActionMask = 2147483647;
			files = (
				C1685FC41CA5DC9C00DFA060 /* ListItem.swift in Sources */,
				C1685FB21CA5D75600DFA060 /* ListController.swift in Sources */,
				C1685FB01CA5D75600DFA060 /* AppDelegate.swift in Sources */,
				C1685FC61CA5DCA600DFA060 /* ListItemStore.swift in Sources */,
				C1FF6E221CAD8E65009DE813 /* ListStore.swift in Sources */,
				C1FF6E261CADC785009DE813 /* ListTableViewCell.swift in Sources */,
				C1685FC21CA5DC0B00DFA060 /* ListItemTableViewCell.swift in Sources */,
				C1FF6E201CAD8A6F009DE813 /* List.swift in Sources */,
				C1FF6E241CADC411009DE813 /* AllListsController.swift in Sources */,
			);
			runOnlyForDeploymentPostprocessing = 0;
		};
/* End PBXSourcesBuildPhase section */

/* Begin PBXVariantGroup section */
		C1685FB31CA5D75600DFA060 /* Main.storyboard */ = {
			isa = PBXVariantGroup;
			children = (
				C1685FB41CA5D75600DFA060 /* Base */,
			);
			name = Main.storyboard;
			sourceTree = "<group>";
		};
		C1685FB81CA5D75600DFA060 /* LaunchScreen.storyboard */ = {
			isa = PBXVariantGroup;
			children = (
				C1685FB91CA5D75600DFA060 /* Base */,
			);
			name = LaunchScreen.storyboard;
			sourceTree = "<group>";
		};
/* End PBXVariantGroup section */

/* Begin XCBuildConfiguration section */
		C1685FBC1CA5D75600DFA060 /* Debug */ = {
			isa = XCBuildConfiguration;
			buildSettings = {
				ALWAYS_SEARCH_USER_PATHS = NO;
				CLANG_ANALYZER_NONNULL = YES;
				CLANG_CXX_LANGUAGE_STANDARD = "gnu++0x";
				CLANG_CXX_LIBRARY = "libc++";
				CLANG_ENABLE_MODULES = YES;
				CLANG_ENABLE_OBJC_ARC = YES;
				CLANG_WARN_BOOL_CONVERSION = YES;
				CLANG_WARN_CONSTANT_CONVERSION = YES;
				CLANG_WARN_DIRECT_OBJC_ISA_USAGE = YES_ERROR;
				CLANG_WARN_EMPTY_BODY = YES;
				CLANG_WARN_ENUM_CONVERSION = YES;
				CLANG_WARN_INT_CONVERSION = YES;
				CLANG_WARN_OBJC_ROOT_CLASS = YES_ERROR;
				CLANG_WARN_UNREACHABLE_CODE = YES;
				CLANG_WARN__DUPLICATE_METHOD_MATCH = YES;
				"CODE_SIGN_IDENTITY[sdk=iphoneos*]" = "iPhone Developer";
				COPY_PHASE_STRIP = NO;
				DEBUG_INFORMATION_FORMAT = dwarf;
				ENABLE_STRICT_OBJC_MSGSEND = YES;
				ENABLE_TESTABILITY = YES;
				GCC_C_LANGUAGE_STANDARD = gnu99;
				GCC_DYNAMIC_NO_PIC = NO;
				GCC_NO_COMMON_BLOCKS = YES;
				GCC_OPTIMIZATION_LEVEL = 0;
				GCC_PREPROCESSOR_DEFINITIONS = (
					"DEBUG=1",
					"$(inherited)",
				);
				GCC_WARN_64_TO_32_BIT_CONVERSION = YES;
				GCC_WARN_ABOUT_RETURN_TYPE = YES_ERROR;
				GCC_WARN_UNDECLARED_SELECTOR = YES;
				GCC_WARN_UNINITIALIZED_AUTOS = YES_AGGRESSIVE;
				GCC_WARN_UNUSED_FUNCTION = YES;
				GCC_WARN_UNUSED_VARIABLE = YES;
				IPHONEOS_DEPLOYMENT_TARGET = 9.3;
				MTL_ENABLE_DEBUG_INFO = YES;
				ONLY_ACTIVE_ARCH = YES;
				SDKROOT = iphoneos;
				SWIFT_OPTIMIZATION_LEVEL = "-Onone";
				TARGETED_DEVICE_FAMILY = "1,2";
			};
			name = Debug;
		};
		C1685FBD1CA5D75600DFA060 /* Release */ = {
			isa = XCBuildConfiguration;
			buildSettings = {
				ALWAYS_SEARCH_USER_PATHS = NO;
				CLANG_ANALYZER_NONNULL = YES;
				CLANG_CXX_LANGUAGE_STANDARD = "gnu++0x";
				CLANG_CXX_LIBRARY = "libc++";
				CLANG_ENABLE_MODULES = YES;
				CLANG_ENABLE_OBJC_ARC = YES;
				CLANG_WARN_BOOL_CONVERSION = YES;
				CLANG_WARN_CONSTANT_CONVERSION = YES;
				CLANG_WARN_DIRECT_OBJC_ISA_USAGE = YES_ERROR;
				CLANG_WARN_EMPTY_BODY = YES;
				CLANG_WARN_ENUM_CONVERSION = YES;
				CLANG_WARN_INT_CONVERSION = YES;
				CLANG_WARN_OBJC_ROOT_CLASS = YES_ERROR;
				CLANG_WARN_UNREACHABLE_CODE = YES;
				CLANG_WARN__DUPLICATE_METHOD_MATCH = YES;
				"CODE_SIGN_IDENTITY[sdk=iphoneos*]" = "iPhone Developer";
				COPY_PHASE_STRIP = NO;
				DEBUG_INFORMATION_FORMAT = "dwarf-with-dsym";
				ENABLE_NS_ASSERTIONS = NO;
				ENABLE_STRICT_OBJC_MSGSEND = YES;
				GCC_C_LANGUAGE_STANDARD = gnu99;
				GCC_NO_COMMON_BLOCKS = YES;
				GCC_WARN_64_TO_32_BIT_CONVERSION = YES;
				GCC_WARN_ABOUT_RETURN_TYPE = YES_ERROR;
				GCC_WARN_UNDECLARED_SELECTOR = YES;
				GCC_WARN_UNINITIALIZED_AUTOS = YES_AGGRESSIVE;
				GCC_WARN_UNUSED_FUNCTION = YES;
				GCC_WARN_UNUSED_VARIABLE = YES;
				IPHONEOS_DEPLOYMENT_TARGET = 9.3;
				MTL_ENABLE_DEBUG_INFO = NO;
				SDKROOT = iphoneos;
				TARGETED_DEVICE_FAMILY = "1,2";
				VALIDATE_PRODUCT = YES;
			};
			name = Release;
		};
		C1685FBF1CA5D75600DFA060 /* Debug */ = {
			isa = XCBuildConfiguration;
			buildSettings = {
				ASSETCATALOG_COMPILER_APPICON_NAME = AppIcon;
				INFOPLIST_FILE = ListForEverything/Info.plist;
				LD_RUNPATH_SEARCH_PATHS = "$(inherited) @executable_path/Frameworks";
				PRODUCT_BUNDLE_IDENTIFIER = com.madelinecarson.ListForEverything;
				PRODUCT_NAME = "$(TARGET_NAME)";
			};
			name = Debug;
		};
		C1685FC01CA5D75600DFA060 /* Release */ = {
			isa = XCBuildConfiguration;
			buildSettings = {
				ASSETCATALOG_COMPILER_APPICON_NAME = AppIcon;
				INFOPLIST_FILE = ListForEverything/Info.plist;
				LD_RUNPATH_SEARCH_PATHS = "$(inherited) @executable_path/Frameworks";
				PRODUCT_BUNDLE_IDENTIFIER = com.madelinecarson.ListForEverything;
				PRODUCT_NAME = "$(TARGET_NAME)";
			};
			name = Release;
		};
/* End XCBuildConfiguration section */

/* Begin XCConfigurationList section */
		C1685FA71CA5D75600DFA060 /* Build configuration list for PBXProject "ListForEverything" */ = {
			isa = XCConfigurationList;
			buildConfigurations = (
				C1685FBC1CA5D75600DFA060 /* Debug */,
				C1685FBD1CA5D75600DFA060 /* Release */,
			);
			defaultConfigurationIsVisible = 0;
			defaultConfigurationName = Release;
		};
		C1685FBE1CA5D75600DFA060 /* Build configuration list for PBXNativeTarget "ListForEverything" */ = {
			isa = XCConfigurationList;
			buildConfigurations = (
				C1685FBF1CA5D75600DFA060 /* Debug */,
				C1685FC01CA5D75600DFA060 /* Release */,
			);
			defaultConfigurationIsVisible = 0;
			defaultConfigurationName = Release;
		};
/* End XCConfigurationList section */
	};
	rootObject = C1685FA41CA5D75600DFA060 /* Project object */;
}
